
Microsoft Visual Studio Solution File, Format Version 12.00
# Visual Studio Version 17
VisualStudioVersion = 17.9.34728.123
MinimumVisualStudioVersion = 10.0.40219.1
Project("{2150E333-8FDC-42A3-9474-1A3956D46DE8}") = "Build Files", "Build Files", "{F84D698C-3163-472D-95E9-EC36712D597B}"
	ProjectSection(SolutionItems) = preProject
		Build\HccViewsetPackage.targets = Build\HccViewsetPackage.targets
		Build\Helpers.targets = Build\Helpers.targets
		Build\LibraryPackage.targets = Build\LibraryPackage.targets
		Build\ModulePackage.targets = Build\ModulePackage.targets
		Build\SkinPackage.targets = Build\SkinPackage.targets
		Build\SolutionReferences.targets = Build\SolutionReferences.targets
	EndProjectSection
EndProject
Project("{2150E333-8FDC-42A3-9474-1A3956D46DE8}") = "Configuration Files", "Configuration Files", "{B51AA4AF-EE33-49E1-B621-DF1BCD22A28C}"
	ProjectSection(SolutionItems) = preProject
		.gitignore = .gitignore
		Directory.Packages.props = Directory.Packages.props
		Website\DotNetNuke.log4net.config = Website\DotNetNuke.log4net.config
		README.md = README.md
		Website\web.config = Website\web.config
	EndProjectSection
EndProject
Project("{2150E333-8FDC-42A3-9474-1A3956D46DE8}") = "Modules", "Modules", "{70FB7EDF-2E12-405F-B9CD-8A437E96FB11}"
EndProject
Project("{FAE04EC0-301F-11D3-BF4B-00C04F79EFBC}") = "Dowdian.Modules.DnnVaultApi", "Modules\DnnVaultApi\Dowdian.Modules.DnnVaultApi.csproj", "{4C757D14-1911-4D7F-99C8-A52C2AAF0354}"
EndProject
Project("{2150E333-8FDC-42A3-9474-1A3956D46DE8}") = "Website", "Website", "{26DC9F71-B4C7-4B38-9990-EFDC35134E2E}"
	ProjectSection(SolutionItems) = preProject
		placeholder.txt = placeholder.txt
	EndProjectSection
EndProject
Global
	GlobalSection(SolutionConfigurationPlatforms) = preSolution
		Debug|Any CPU = Debug|Any CPU
		Release|Any CPU = Release|Any CPU
	EndGlobalSection
	GlobalSection(ProjectConfigurationPlatforms) = postSolution
		{4C757D14-1911-4D7F-99C8-A52C2AAF0354}.Debug|Any CPU.ActiveCfg = Debug|Any CPU
		{4C757D14-1911-4D7F-99C8-A52C2AAF0354}.Debug|Any CPU.Build.0 = Debug|Any CPU
		{4C757D14-1911-4D7F-99C8-A52C2AAF0354}.Release|Any CPU.ActiveCfg = Release|Any CPU
		{4C757D14-1911-4D7F-99C8-A52C2AAF0354}.Release|Any CPU.Build.0 = Release|Any CPU
	EndGlobalSection
	GlobalSection(SolutionProperties) = preSolution
		HideSolutionNode = FALSE
	EndGlobalSection
	GlobalSection(NestedProjects) = preSolution
		{4C757D14-1911-4D7F-99C8-A52C2AAF0354} = {70FB7EDF-2E12-405F-B9CD-8A437E96FB11}
	EndGlobalSection
	GlobalSection(ExtensibilityGlobals) = postSolution
		SolutionGuid = {79858f17-834e-420f-9010-25d159ba6fb6}
	EndGlobalSection
EndGlobal
